
Microsoft Visual Studio Solution File, Format Version 12.00
# Visual Studio Version 17
VisualStudioVersion = 17.7.34221.43
MinimumVisualStudioVersion = 10.0.40219.1
Project("{9A19103F-16F7-4668-BE54-9A1E7A4F7556}") = "PintoMod", "PintoMod.csproj", "{FF99AD61-38A5-4085-A181-D080E129D86E}"
EndProject
Global
	GlobalSection(SolutionConfigurationPlatforms) = preSolution
		Debug|Any CPU = Debug|Any CPU
		Release|Any CPU = Release|Any CPU
	EndGlobalSection
	GlobalSection(ProjectConfigurationPlatforms) = postSolution
		{FF99AD61-38A5-4085-A181-D080E129D86E}.Debug|Any CPU.ActiveCfg = Debug|Any CPU
		{FF99AD61-38A5-4085-A181-D080E129D86E}.Debug|Any CPU.Build.0 = Debug|Any CPU
		{FF99AD61-38A5-4085-A181-D080E129D86E}.Release|Any CPU.ActiveCfg = Release|Any CPU
		{FF99AD61-38A5-4085-A181-D080E129D86E}.Release|Any CPU.Build.0 = Release|Any CPU
	EndGlobalSection
	GlobalSection(SolutionProperties) = preSolution
		HideSolutionNode = FALSE
	EndGlobalSection
	GlobalSection(ExtensibilityGlobals) = postSolution
		SolutionGuid = {9AAB9984-680F-44F7-ADDB-9E06C38C20D9}
	EndGlobalSection
EndGlobal
